
Microsoft Visual Studio Solution File, Format Version 12.00
# Visual Studio 15
VisualStudioVersion = 15.0.27130.2036
MinimumVisualStudioVersion = 10.0.40219.1
Project("{2150E333-8FDC-42A3-9474-1A3956D46DE8}") = "Solution Items", "Solution Items", "{A6878F19-D808-40A3-AEB5-DEC78FA47D5C}"
	ProjectSection(SolutionItems) = preProject
		appveyor.yml = appveyor.yml
		NuGet.Config = NuGet.Config
	EndProjectSection
EndProject
Project("{2150E333-8FDC-42A3-9474-1A3956D46DE8}") = "src", "src", "{893DD448-96BF-4115-94D6-E85E6466F614}"
EndProject
Project("{2150E333-8FDC-42A3-9474-1A3956D46DE8}") = "test", "test", "{36D4F041-A871-48E0-89FC-9B47E9A71383}"
EndProject
Project("{9A19103F-16F7-4668-BE54-9A1E7A4F7556}") = "Maybe", "src\Lizards.Maybe\Maybe.csproj", "{B66F2C3F-8C42-4999-9BA2-1098ABBE2953}"
EndProject
Project("{6EC3EE1D-3C4E-46DD-8F32-0CC8E7565705}") = "Maybe.Tests", "test\Lizards.Tests.Maybe\Maybe.Tests.fsproj", "{2CF50CF7-5747-4556-BADA-C66F5F2EB9B6}"
EndProject
Global
	GlobalSection(SolutionConfigurationPlatforms) = preSolution
		Debug|Any CPU = Debug|Any CPU
		Release|Any CPU = Release|Any CPU
	EndGlobalSection
	GlobalSection(ProjectConfigurationPlatforms) = postSolution
		{B66F2C3F-8C42-4999-9BA2-1098ABBE2953}.Debug|Any CPU.ActiveCfg = Debug|Any CPU
		{B66F2C3F-8C42-4999-9BA2-1098ABBE2953}.Debug|Any CPU.Build.0 = Debug|Any CPU
		{B66F2C3F-8C42-4999-9BA2-1098ABBE2953}.Release|Any CPU.ActiveCfg = Release|Any CPU
		{B66F2C3F-8C42-4999-9BA2-1098ABBE2953}.Release|Any CPU.Build.0 = Release|Any CPU
		{2CF50CF7-5747-4556-BADA-C66F5F2EB9B6}.Debug|Any CPU.ActiveCfg = Debug|Any CPU
		{2CF50CF7-5747-4556-BADA-C66F5F2EB9B6}.Debug|Any CPU.Build.0 = Debug|Any CPU
		{2CF50CF7-5747-4556-BADA-C66F5F2EB9B6}.Release|Any CPU.ActiveCfg = Release|Any CPU
		{2CF50CF7-5747-4556-BADA-C66F5F2EB9B6}.Release|Any CPU.Build.0 = Release|Any CPU
	EndGlobalSection
	GlobalSection(SolutionProperties) = preSolution
		HideSolutionNode = FALSE
	EndGlobalSection
	GlobalSection(NestedProjects) = preSolution
		{B66F2C3F-8C42-4999-9BA2-1098ABBE2953} = {893DD448-96BF-4115-94D6-E85E6466F614}
		{2CF50CF7-5747-4556-BADA-C66F5F2EB9B6} = {36D4F041-A871-48E0-89FC-9B47E9A71383}
	EndGlobalSection
	GlobalSection(ExtensibilityGlobals) = postSolution
		SolutionGuid = {1ED67F7D-1272-45A2-A550-68A214A3899C}
	EndGlobalSection
EndGlobal
